
Microsoft Visual Studio Solution File, Format Version 12.00
# Visual Studio Version 17
VisualStudioVersion = 17.8.34330.188
MinimumVisualStudioVersion = 10.0.40219.1
Project("{FAE04EC0-301F-11D3-BF4B-00C04F79EFBC}") = "EFCprocs", "EFCprocs.csproj", "{426E3F43-6BF8-4995-BA07-B47535D5917F}"
EndProject
Global
	GlobalSection(SolutionConfigurationPlatforms) = preSolution
		Debug|Any CPU = Debug|Any CPU
		Release|Any CPU = Release|Any CPU
	EndGlobalSection
	GlobalSection(ProjectConfigurationPlatforms) = postSolution
		{426E3F43-6BF8-4995-BA07-B47535D5917F}.Debug|Any CPU.ActiveCfg = Debug|Any CPU
		{426E3F43-6BF8-4995-BA07-B47535D5917F}.Debug|Any CPU.Build.0 = Debug|Any CPU
		{426E3F43-6BF8-4995-BA07-B47535D5917F}.Release|Any CPU.ActiveCfg = Release|Any CPU
		{426E3F43-6BF8-4995-BA07-B47535D5917F}.Release|Any CPU.Build.0 = Release|Any CPU
	EndGlobalSection
	GlobalSection(SolutionProperties) = preSolution
		HideSolutionNode = FALSE
	EndGlobalSection
	GlobalSection(ExtensibilityGlobals) = postSolution
		SolutionGuid = {C5C74D77-DE99-4329-90BE-C18D7D99052D}
	EndGlobalSection
EndGlobal
